
Microsoft Visual Studio Solution File, Format Version 12.00
# Visual Studio 15
VisualStudioVersion = 15.0.27428.2037
MinimumVisualStudioVersion = 10.0.40219.1
Project("{FAE04EC0-301F-11D3-BF4B-00C04F79EFBC}") = "wf_tictactoe", "wf_tictactoe\wf_tictactoe.csproj", "{D27DC46D-43DF-4676-9A42-C8D1C56F6ACD}"
EndProject
Global
	GlobalSection(SolutionConfigurationPlatforms) = preSolution
		Debug|Any CPU = Debug|Any CPU
		Release|Any CPU = Release|Any CPU
	EndGlobalSection
	GlobalSection(ProjectConfigurationPlatforms) = postSolution
		{D27DC46D-43DF-4676-9A42-C8D1C56F6ACD}.Debug|Any CPU.ActiveCfg = Debug|Any CPU
		{D27DC46D-43DF-4676-9A42-C8D1C56F6ACD}.Debug|Any CPU.Build.0 = Debug|Any CPU
		{D27DC46D-43DF-4676-9A42-C8D1C56F6ACD}.Release|Any CPU.ActiveCfg = Release|Any CPU
		{D27DC46D-43DF-4676-9A42-C8D1C56F6ACD}.Release|Any CPU.Build.0 = Release|Any CPU
	EndGlobalSection
	GlobalSection(SolutionProperties) = preSolution
		HideSolutionNode = FALSE
	EndGlobalSection
	GlobalSection(ExtensibilityGlobals) = postSolution
		SolutionGuid = {094D546A-2BA3-4F60-8DE2-C4B1CB3D5997}
	EndGlobalSection
EndGlobal
