
Microsoft Visual Studio Solution File, Format Version 12.00
# Visual Studio 15
VisualStudioVersion = 15.0.27428.2037
MinimumVisualStudioVersion = 10.0.40219.1
Project("{FAE04EC0-301F-11D3-BF4B-00C04F79EFBC}") = "wf_snake", "wf_snake\wf_snake.csproj", "{C73DA9A8-6E16-4C10-95E1-3D2BCEC2EF91}"
EndProject
Global
	GlobalSection(SolutionConfigurationPlatforms) = preSolution
		Debug|Any CPU = Debug|Any CPU
		Release|Any CPU = Release|Any CPU
	EndGlobalSection
	GlobalSection(ProjectConfigurationPlatforms) = postSolution
		{C73DA9A8-6E16-4C10-95E1-3D2BCEC2EF91}.Debug|Any CPU.ActiveCfg = Debug|Any CPU
		{C73DA9A8-6E16-4C10-95E1-3D2BCEC2EF91}.Debug|Any CPU.Build.0 = Debug|Any CPU
		{C73DA9A8-6E16-4C10-95E1-3D2BCEC2EF91}.Release|Any CPU.ActiveCfg = Release|Any CPU
		{C73DA9A8-6E16-4C10-95E1-3D2BCEC2EF91}.Release|Any CPU.Build.0 = Release|Any CPU
	EndGlobalSection
	GlobalSection(SolutionProperties) = preSolution
		HideSolutionNode = FALSE
	EndGlobalSection
	GlobalSection(ExtensibilityGlobals) = postSolution
		SolutionGuid = {774A3400-4C8C-408C-8601-730B3B066311}
	EndGlobalSection
EndGlobal
